
Microsoft Visual Studio Solution File, Format Version 12.00
# Visual Studio Version 16
VisualStudioVersion = 16.0.31702.278
MinimumVisualStudioVersion = 10.0.40219.1
Project("{FAE04EC0-301F-11D3-BF4B-00C04F79EFBC}") = "proje 1", "proje 1.csproj", "{23A7FCD2-CBE9-454B-A818-D0EEFBE95340}"
EndProject
Global
	GlobalSection(SolutionConfigurationPlatforms) = preSolution
		Debug|Any CPU = Debug|Any CPU
		Release|Any CPU = Release|Any CPU
	EndGlobalSection
	GlobalSection(ProjectConfigurationPlatforms) = postSolution
		{23A7FCD2-CBE9-454B-A818-D0EEFBE95340}.Debug|Any CPU.ActiveCfg = Debug|Any CPU
		{23A7FCD2-CBE9-454B-A818-D0EEFBE95340}.Debug|Any CPU.Build.0 = Debug|Any CPU
		{23A7FCD2-CBE9-454B-A818-D0EEFBE95340}.Release|Any CPU.ActiveCfg = Release|Any CPU
		{23A7FCD2-CBE9-454B-A818-D0EEFBE95340}.Release|Any CPU.Build.0 = Release|Any CPU
	EndGlobalSection
	GlobalSection(SolutionProperties) = preSolution
		HideSolutionNode = FALSE
	EndGlobalSection
	GlobalSection(ExtensibilityGlobals) = postSolution
		SolutionGuid = {F724111B-24C6-4AED-994D-5966B4D0D643}
	EndGlobalSection
EndGlobal
